// !$*UTF8*$!
{
	archiveVersion = 1;
	classes = {
	};
	objectVersion = 46;
	objects = {

/* Begin PBXBuildFile section */
		F24BBEBC1590B5DD004C6F0A /* Request.m in Sources */ = {isa = PBXBuildFile; fileRef = F24BBEBB1590B5DD004C6F0A /* Request.m */; };
		F24BBED6159252B0004C6F0A /* AFKissXMLRequestOperation.m in Sources */ = {isa = PBXBuildFile; fileRef = F24BBED3159252B0004C6F0A /* AFKissXMLRequestOperation.m */; };
		F24BBED7159252B0004C6F0A /* LICENSE in Resources */ = {isa = PBXBuildFile; fileRef = F24BBED4159252B0004C6F0A /* LICENSE */; };
		F24BBED8159252B0004C6F0A /* README.md in Resources */ = {isa = PBXBuildFile; fileRef = F24BBED5159252B0004C6F0A /* README.md */; };
		F24BBF03159255E4004C6F0A /* DDXMLElementAdditions.m in Sources */ = {isa = PBXBuildFile; fileRef = F24BBEDF159255E4004C6F0A /* DDXMLElementAdditions.m */; };
		F24BBF04159255E4004C6F0A /* NSString+DDXML.m in Sources */ = {isa = PBXBuildFile; fileRef = F24BBEE2159255E4004C6F0A /* NSString+DDXML.m */; settings = {COMPILER_FLAGS = "-fobjc-arc"; }; };
		F24BBF05159255E4004C6F0A /* DDXMLDocument.m in Sources */ = {isa = PBXBuildFile; fileRef = F24BBEE5159255E4004C6F0A /* DDXMLDocument.m */; settings = {COMPILER_FLAGS = "-fobjc-arc"; }; };
		F24BBF06159255E4004C6F0A /* DDXMLElement.m in Sources */ = {isa = PBXBuildFile; fileRef = F24BBEE7159255E4004C6F0A /* DDXMLElement.m */; settings = {COMPILER_FLAGS = "-fobjc-arc"; }; };
		F24BBF07159255E4004C6F0A /* DDXMLNode.m in Sources */ = {isa = PBXBuildFile; fileRef = F24BBEE9159255E4004C6F0A /* DDXMLNode.m */; settings = {COMPILER_FLAGS = "-fobjc-arc"; }; };
		F2BE7C1B158B91CF000707F4 /* UIKit.framework in Frameworks */ = {isa = PBXBuildFile; fileRef = F2BE7C1A158B91CF000707F4 /* UIKit.framework */; };
		F2BE7C1D158B91CF000707F4 /* Foundation.framework in Frameworks */ = {isa = PBXBuildFile; fileRef = F2BE7C1C158B91CF000707F4 /* Foundation.framework */; };
		F2BE7C1F158B91CF000707F4 /* CoreGraphics.framework in Frameworks */ = {isa = PBXBuildFile; fileRef = F2BE7C1E158B91CF000707F4 /* CoreGraphics.framework */; };
		F2BE7C25158B91CF000707F4 /* InfoPlist.strings in Resources */ = {isa = PBXBuildFile; fileRef = F2BE7C23158B91CF000707F4 /* InfoPlist.strings */; };
		F2BE7C27158B91CF000707F4 /* main.m in Sources */ = {isa = PBXBuildFile; fileRef = F2BE7C26158B91CF000707F4 /* main.m */; };
		F2BE7C2B158B91CF000707F4 /* AppDelegate.m in Sources */ = {isa = PBXBuildFile; fileRef = F2BE7C2A158B91CF000707F4 /* AppDelegate.m */; };
		F2BE7C2E158B91CF000707F4 /* ViewController.m in Sources */ = {isa = PBXBuildFile; fileRef = F2BE7C2D158B91CF000707F4 /* ViewController.m */; };
		F2BE7C31158B91CF000707F4 /* ViewController_iPhone.xib in Resources */ = {isa = PBXBuildFile; fileRef = F2BE7C2F158B91CF000707F4 /* ViewController_iPhone.xib */; };
		F2BE7C34158B91CF000707F4 /* ViewController_iPad.xib in Resources */ = {isa = PBXBuildFile; fileRef = F2BE7C32158B91CF000707F4 /* ViewController_iPad.xib */; };
		F2BE7C3C158B91CF000707F4 /* SenTestingKit.framework in Frameworks */ = {isa = PBXBuildFile; fileRef = F2BE7C3B158B91CF000707F4 /* SenTestingKit.framework */; };
		F2BE7C3D158B91CF000707F4 /* UIKit.framework in Frameworks */ = {isa = PBXBuildFile; fileRef = F2BE7C1A158B91CF000707F4 /* UIKit.framework */; };
		F2BE7C3E158B91CF000707F4 /* Foundation.framework in Frameworks */ = {isa = PBXBuildFile; fileRef = F2BE7C1C158B91CF000707F4 /* Foundation.framework */; };
		F2BE7C46158B91CF000707F4 /* InfoPlist.strings in Resources */ = {isa = PBXBuildFile; fileRef = F2BE7C44158B91CF000707F4 /* InfoPlist.strings */; };
		F2BE7C49158B91CF000707F4 /* Info_ForestTests.m in Sources */ = {isa = PBXBuildFile; fileRef = F2BE7C48158B91CF000707F4 /* Info_ForestTests.m */; };
		F2BE7C88158B947C000707F4 /* AFHTTPClient.m in Sources */ = {isa = PBXBuildFile; fileRef = F2BE7C74158B947C000707F4 /* AFHTTPClient.m */; };
		F2BE7C89158B947C000707F4 /* AFHTTPRequestOperation.m in Sources */ = {isa = PBXBuildFile; fileRef = F2BE7C76158B947C000707F4 /* AFHTTPRequestOperation.m */; };
		F2BE7C8A158B947C000707F4 /* AFImageRequestOperation.m in Sources */ = {isa = PBXBuildFile; fileRef = F2BE7C78158B947C000707F4 /* AFImageRequestOperation.m */; };
		F2BE7C8B158B947C000707F4 /* AFJSONRequestOperation.m in Sources */ = {isa = PBXBuildFile; fileRef = F2BE7C7A158B947C000707F4 /* AFJSONRequestOperation.m */; };
		F2BE7C8C158B947C000707F4 /* AFJSONUtilities.m in Sources */ = {isa = PBXBuildFile; fileRef = F2BE7C7C158B947C000707F4 /* AFJSONUtilities.m */; };
		F2BE7C8D158B947C000707F4 /* AFNetworkActivityIndicatorManager.m in Sources */ = {isa = PBXBuildFile; fileRef = F2BE7C7E158B947C000707F4 /* AFNetworkActivityIndicatorManager.m */; };
		F2BE7C8E158B947C000707F4 /* AFPropertyListRequestOperation.m in Sources */ = {isa = PBXBuildFile; fileRef = F2BE7C81158B947C000707F4 /* AFPropertyListRequestOperation.m */; };
		F2BE7C8F158B947C000707F4 /* AFURLConnectionOperation.m in Sources */ = {isa = PBXBuildFile; fileRef = F2BE7C83158B947C000707F4 /* AFURLConnectionOperation.m */; };
		F2BE7C90158B947C000707F4 /* AFXMLRequestOperation.m in Sources */ = {isa = PBXBuildFile; fileRef = F2BE7C85158B947C000707F4 /* AFXMLRequestOperation.m */; };
		F2BE7C91158B947C000707F4 /* UIImageView+AFNetworking.m in Sources */ = {isa = PBXBuildFile; fileRef = F2BE7C87158B947C000707F4 /* UIImageView+AFNetworking.m */; };
/* End PBXBuildFile section */

/* Begin PBXContainerItemProxy section */
		F2BE7C3F158B91CF000707F4 /* PBXContainerItemProxy */ = {
			isa = PBXContainerItemProxy;
			containerPortal = F2BE7C0D158B91CE000707F4 /* Project object */;
			proxyType = 1;
			remoteGlobalIDString = F2BE7C15158B91CF000707F4;
			remoteInfo = "Info Forest";
		};
/* End PBXContainerItemProxy section */

/* Begin PBXFileReference section */
		F24BBEBA1590B5DD004C6F0A /* Request.h */ = {isa = PBXFileReference; fileEncoding = 4; lastKnownFileType = sourcecode.c.h; path = Request.h; sourceTree = "<group>"; };
		F24BBEBB1590B5DD004C6F0A /* Request.m */ = {isa = PBXFileReference; fileEncoding = 4; lastKnownFileType = sourcecode.c.objc; path = Request.m; sourceTree = "<group>"; };
		F24BBED2159252B0004C6F0A /* AFKissXMLRequestOperation.h */ = {isa = PBXFileReference; fileEncoding = 4; lastKnownFileType = sourcecode.c.h; path = AFKissXMLRequestOperation.h; sourceTree = "<group>"; };
		F24BBED3159252B0004C6F0A /* AFKissXMLRequestOperation.m */ = {isa = PBXFileReference; fileEncoding = 4; lastKnownFileType = sourcecode.c.objc; path = AFKissXMLRequestOperation.m; sourceTree = "<group>"; };
		F24BBED4159252B0004C6F0A /* LICENSE */ = {isa = PBXFileReference; fileEncoding = 4; lastKnownFileType = text; path = LICENSE; sourceTree = "<group>"; };
		F24BBED5159252B0004C6F0A /* README.md */ = {isa = PBXFileReference; fileEncoding = 4; lastKnownFileType = text; path = README.md; sourceTree = "<group>"; };
		F24BBEDE159255E4004C6F0A /* DDXMLElementAdditions.h */ = {isa = PBXFileReference; fileEncoding = 4; lastKnownFileType = sourcecode.c.h; path = DDXMLElementAdditions.h; sourceTree = "<group>"; };
		F24BBEDF159255E4004C6F0A /* DDXMLElementAdditions.m */ = {isa = PBXFileReference; fileEncoding = 4; lastKnownFileType = sourcecode.c.objc; path = DDXMLElementAdditions.m; sourceTree = "<group>"; };
		F24BBEE1159255E4004C6F0A /* NSString+DDXML.h */ = {isa = PBXFileReference; fileEncoding = 4; lastKnownFileType = sourcecode.c.h; path = "NSString+DDXML.h"; sourceTree = "<group>"; };
		F24BBEE2159255E4004C6F0A /* NSString+DDXML.m */ = {isa = PBXFileReference; fileEncoding = 4; lastKnownFileType = sourcecode.c.objc; path = "NSString+DDXML.m"; sourceTree = "<group>"; };
		F24BBEE3159255E4004C6F0A /* DDXML.h */ = {isa = PBXFileReference; fileEncoding = 4; lastKnownFileType = sourcecode.c.h; path = DDXML.h; sourceTree = "<group>"; };
		F24BBEE4159255E4004C6F0A /* DDXMLDocument.h */ = {isa = PBXFileReference; fileEncoding = 4; lastKnownFileType = sourcecode.c.h; path = DDXMLDocument.h; sourceTree = "<group>"; };
		F24BBEE5159255E4004C6F0A /* DDXMLDocument.m */ = {isa = PBXFileReference; fileEncoding = 4; lastKnownFileType = sourcecode.c.objc; path = DDXMLDocument.m; sourceTree = "<group>"; };
		F24BBEE6159255E4004C6F0A /* DDXMLElement.h */ = {isa = PBXFileReference; fileEncoding = 4; lastKnownFileType = sourcecode.c.h; path = DDXMLElement.h; sourceTree = "<group>"; };
		F24BBEE7159255E4004C6F0A /* DDXMLElement.m */ = {isa = PBXFileReference; fileEncoding = 4; lastKnownFileType = sourcecode.c.objc; path = DDXMLElement.m; sourceTree = "<group>"; };
		F24BBEE8159255E4004C6F0A /* DDXMLNode.h */ = {isa = PBXFileReference; fileEncoding = 4; lastKnownFileType = sourcecode.c.h; path = DDXMLNode.h; sourceTree = "<group>"; };
		F24BBEE9159255E4004C6F0A /* DDXMLNode.m */ = {isa = PBXFileReference; fileEncoding = 4; lastKnownFileType = sourcecode.c.objc; path = DDXMLNode.m; sourceTree = "<group>"; };
		F24BBEEB159255E4004C6F0A /* DDXMLPrivate.h */ = {isa = PBXFileReference; fileEncoding = 4; lastKnownFileType = sourcecode.c.h; path = DDXMLPrivate.h; sourceTree = "<group>"; };
		F2BE7C16158B91CF000707F4 /* Info Forest.app */ = {isa = PBXFileReference; explicitFileType = wrapper.application; includeInIndex = 0; path = "Info Forest.app"; sourceTree = BUILT_PRODUCTS_DIR; };
		F2BE7C1A158B91CF000707F4 /* UIKit.framework */ = {isa = PBXFileReference; lastKnownFileType = wrapper.framework; name = UIKit.framework; path = System/Library/Frameworks/UIKit.framework; sourceTree = SDKROOT; };
		F2BE7C1C158B91CF000707F4 /* Foundation.framework */ = {isa = PBXFileReference; lastKnownFileType = wrapper.framework; name = Foundation.framework; path = System/Library/Frameworks/Foundation.framework; sourceTree = SDKROOT; };
		F2BE7C1E158B91CF000707F4 /* CoreGraphics.framework */ = {isa = PBXFileReference; lastKnownFileType = wrapper.framework; name = CoreGraphics.framework; path = System/Library/Frameworks/CoreGraphics.framework; sourceTree = SDKROOT; };
		F2BE7C22158B91CF000707F4 /* Info Forest-Info.plist */ = {isa = PBXFileReference; lastKnownFileType = text.plist.xml; path = "Info Forest-Info.plist"; sourceTree = "<group>"; };
		F2BE7C24158B91CF000707F4 /* en */ = {isa = PBXFileReference; lastKnownFileType = text.plist.strings; name = en; path = en.lproj/InfoPlist.strings; sourceTree = "<group>"; };
		F2BE7C26158B91CF000707F4 /* main.m */ = {isa = PBXFileReference; lastKnownFileType = sourcecode.c.objc; path = main.m; sourceTree = "<group>"; };
		F2BE7C28158B91CF000707F4 /* Info Forest-Prefix.pch */ = {isa = PBXFileReference; lastKnownFileType = sourcecode.c.h; path = "Info Forest-Prefix.pch"; sourceTree = "<group>"; };
		F2BE7C29158B91CF000707F4 /* AppDelegate.h */ = {isa = PBXFileReference; lastKnownFileType = sourcecode.c.h; path = AppDelegate.h; sourceTree = "<group>"; };
		F2BE7C2A158B91CF000707F4 /* AppDelegate.m */ = {isa = PBXFileReference; lastKnownFileType = sourcecode.c.objc; path = AppDelegate.m; sourceTree = "<group>"; };
		F2BE7C2C158B91CF000707F4 /* ViewController.h */ = {isa = PBXFileReference; lastKnownFileType = sourcecode.c.h; path = ViewController.h; sourceTree = "<group>"; };
		F2BE7C2D158B91CF000707F4 /* ViewController.m */ = {isa = PBXFileReference; lastKnownFileType = sourcecode.c.objc; path = ViewController.m; sourceTree = "<group>"; };
		F2BE7C30158B91CF000707F4 /* en */ = {isa = PBXFileReference; lastKnownFileType = file.xib; name = en; path = en.lproj/ViewController_iPhone.xib; sourceTree = "<group>"; };
		F2BE7C33158B91CF000707F4 /* en */ = {isa = PBXFileReference; lastKnownFileType = file.xib; name = en; path = en.lproj/ViewController_iPad.xib; sourceTree = "<group>"; };
		F2BE7C3A158B91CF000707F4 /* Info ForestTests.octest */ = {isa = PBXFileReference; explicitFileType = wrapper.cfbundle; includeInIndex = 0; path = "Info ForestTests.octest"; sourceTree = BUILT_PRODUCTS_DIR; };
		F2BE7C3B158B91CF000707F4 /* SenTestingKit.framework */ = {isa = PBXFileReference; lastKnownFileType = wrapper.framework; name = SenTestingKit.framework; path = Library/Frameworks/SenTestingKit.framework; sourceTree = DEVELOPER_DIR; };
		F2BE7C43158B91CF000707F4 /* Info ForestTests-Info.plist */ = {isa = PBXFileReference; lastKnownFileType = text.plist.xml; path = "Info ForestTests-Info.plist"; sourceTree = "<group>"; };
		F2BE7C45158B91CF000707F4 /* en */ = {isa = PBXFileReference; lastKnownFileType = text.plist.strings; name = en; path = en.lproj/InfoPlist.strings; sourceTree = "<group>"; };
		F2BE7C47158B91CF000707F4 /* Info_ForestTests.h */ = {isa = PBXFileReference; lastKnownFileType = sourcecode.c.h; path = Info_ForestTests.h; sourceTree = "<group>"; };
		F2BE7C48158B91CF000707F4 /* Info_ForestTests.m */ = {isa = PBXFileReference; lastKnownFileType = sourcecode.c.objc; path = Info_ForestTests.m; sourceTree = "<group>"; };
		F2BE7C73158B947C000707F4 /* AFHTTPClient.h */ = {isa = PBXFileReference; fileEncoding = 4; lastKnownFileType = sourcecode.c.h; path = AFHTTPClient.h; sourceTree = "<group>"; };
		F2BE7C74158B947C000707F4 /* AFHTTPClient.m */ = {isa = PBXFileReference; fileEncoding = 4; lastKnownFileType = sourcecode.c.objc; path = AFHTTPClient.m; sourceTree = "<group>"; };
		F2BE7C75158B947C000707F4 /* AFHTTPRequestOperation.h */ = {isa = PBXFileReference; fileEncoding = 4; lastKnownFileType = sourcecode.c.h; path = AFHTTPRequestOperation.h; sourceTree = "<group>"; };
		F2BE7C76158B947C000707F4 /* AFHTTPRequestOperation.m */ = {isa = PBXFileReference; fileEncoding = 4; lastKnownFileType = sourcecode.c.objc; path = AFHTTPRequestOperation.m; sourceTree = "<group>"; };
		F2BE7C77158B947C000707F4 /* AFImageRequestOperation.h */ = {isa = PBXFileReference; fileEncoding = 4; lastKnownFileType = sourcecode.c.h; path = AFImageRequestOperation.h; sourceTree = "<group>"; };
		F2BE7C78158B947C000707F4 /* AFImageRequestOperation.m */ = {isa = PBXFileReference; fileEncoding = 4; lastKnownFileType = sourcecode.c.objc; path = AFImageRequestOperation.m; sourceTree = "<group>"; };
		F2BE7C79158B947C000707F4 /* AFJSONRequestOperation.h */ = {isa = PBXFileReference; fileEncoding = 4; lastKnownFileType = sourcecode.c.h; path = AFJSONRequestOperation.h; sourceTree = "<group>"; };
		F2BE7C7A158B947C000707F4 /* AFJSONRequestOperation.m */ = {isa = PBXFileReference; fileEncoding = 4; lastKnownFileType = sourcecode.c.objc; path = AFJSONRequestOperation.m; sourceTree = "<group>"; };
		F2BE7C7B158B947C000707F4 /* AFJSONUtilities.h */ = {isa = PBXFileReference; fileEncoding = 4; lastKnownFileType = sourcecode.c.h; path = AFJSONUtilities.h; sourceTree = "<group>"; };
		F2BE7C7C158B947C000707F4 /* AFJSONUtilities.m */ = {isa = PBXFileReference; fileEncoding = 4; lastKnownFileType = sourcecode.c.objc; path = AFJSONUtilities.m; sourceTree = "<group>"; };
		F2BE7C7D158B947C000707F4 /* AFNetworkActivityIndicatorManager.h */ = {isa = PBXFileReference; fileEncoding = 4; lastKnownFileType = sourcecode.c.h; path = AFNetworkActivityIndicatorManager.h; sourceTree = "<group>"; };
		F2BE7C7E158B947C000707F4 /* AFNetworkActivityIndicatorManager.m */ = {isa = PBXFileReference; fileEncoding = 4; lastKnownFileType = sourcecode.c.objc; path = AFNetworkActivityIndicatorManager.m; sourceTree = "<group>"; };
		F2BE7C7F158B947C000707F4 /* AFNetworking.h */ = {isa = PBXFileReference; fileEncoding = 4; lastKnownFileType = sourcecode.c.h; path = AFNetworking.h; sourceTree = "<group>"; };
		F2BE7C80158B947C000707F4 /* AFPropertyListRequestOperation.h */ = {isa = PBXFileReference; fileEncoding = 4; lastKnownFileType = sourcecode.c.h; path = AFPropertyListRequestOperation.h; sourceTree = "<group>"; };
		F2BE7C81158B947C000707F4 /* AFPropertyListRequestOperation.m */ = {isa = PBXFileReference; fileEncoding = 4; lastKnownFileType = sourcecode.c.objc; path = AFPropertyListRequestOperation.m; sourceTree = "<group>"; };
		F2BE7C82158B947C000707F4 /* AFURLConnectionOperation.h */ = {isa = PBXFileReference; fileEncoding = 4; lastKnownFileType = sourcecode.c.h; path = AFURLConnectionOperation.h; sourceTree = "<group>"; };
		F2BE7C83158B947C000707F4 /* AFURLConnectionOperation.m */ = {isa = PBXFileReference; fileEncoding = 4; lastKnownFileType = sourcecode.c.objc; path = AFURLConnectionOperation.m; sourceTree = "<group>"; };
		F2BE7C84158B947C000707F4 /* AFXMLRequestOperation.h */ = {isa = PBXFileReference; fileEncoding = 4; lastKnownFileType = sourcecode.c.h; path = AFXMLRequestOperation.h; sourceTree = "<group>"; };
		F2BE7C85158B947C000707F4 /* AFXMLRequestOperation.m */ = {isa = PBXFileReference; fileEncoding = 4; lastKnownFileType = sourcecode.c.objc; path = AFXMLRequestOperation.m; sourceTree = "<group>"; };
		F2BE7C86158B947C000707F4 /* UIImageView+AFNetworking.h */ = {isa = PBXFileReference; fileEncoding = 4; lastKnownFileType = sourcecode.c.h; path = "UIImageView+AFNetworking.h"; sourceTree = "<group>"; };
		F2BE7C87158B947C000707F4 /* UIImageView+AFNetworking.m */ = {isa = PBXFileReference; fileEncoding = 4; lastKnownFileType = sourcecode.c.objc; path = "UIImageView+AFNetworking.m"; sourceTree = "<group>"; };
/* End PBXFileReference section */

/* Begin PBXFrameworksBuildPhase section */
		F2BE7C13158B91CF000707F4 /* Frameworks */ = {
			isa = PBXFrameworksBuildPhase;
			buildActionMask = 2147483647;
			files = (
				F2BE7C1B158B91CF000707F4 /* UIKit.framework in Frameworks */,
				F2BE7C1D158B91CF000707F4 /* Foundation.framework in Frameworks */,
				F2BE7C1F158B91CF000707F4 /* CoreGraphics.framework in Frameworks */,
			);
			runOnlyForDeploymentPostprocessing = 0;
		};
		F2BE7C36158B91CF000707F4 /* Frameworks */ = {
			isa = PBXFrameworksBuildPhase;
			buildActionMask = 2147483647;
			files = (
				F2BE7C3C158B91CF000707F4 /* SenTestingKit.framework in Frameworks */,
				F2BE7C3D158B91CF000707F4 /* UIKit.framework in Frameworks */,
				F2BE7C3E158B91CF000707F4 /* Foundation.framework in Frameworks */,
			);
			runOnlyForDeploymentPostprocessing = 0;
		};
/* End PBXFrameworksBuildPhase section */

/* Begin PBXGroup section */
		F24BBED1159252B0004C6F0A /* AFNetworking-AFKissXMLRequestOperation-e5d8dff */ = {
			isa = PBXGroup;
			children = (
				F24BBED2159252B0004C6F0A /* AFKissXMLRequestOperation.h */,
				F24BBED3159252B0004C6F0A /* AFKissXMLRequestOperation.m */,
				F24BBED4159252B0004C6F0A /* LICENSE */,
				F24BBED5159252B0004C6F0A /* README.md */,
			);
			name = "AFNetworking-AFKissXMLRequestOperation-e5d8dff";
			path = "Info Forest/AFNetworking-AFKissXMLRequestOperation-e5d8dff";
			sourceTree = "<group>";
		};
		F24BBEDC159255E4004C6F0A /* KissXML */ = {
			isa = PBXGroup;
			children = (
				F24BBEDD159255E4004C6F0A /* Additions */,
				F24BBEE0159255E4004C6F0A /* Categories */,
				F24BBEE3159255E4004C6F0A /* DDXML.h */,
				F24BBEE4159255E4004C6F0A /* DDXMLDocument.h */,
				F24BBEE5159255E4004C6F0A /* DDXMLDocument.m */,
				F24BBEE6159255E4004C6F0A /* DDXMLElement.h */,
				F24BBEE7159255E4004C6F0A /* DDXMLElement.m */,
				F24BBEE8159255E4004C6F0A /* DDXMLNode.h */,
				F24BBEE9159255E4004C6F0A /* DDXMLNode.m */,
				F24BBEEA159255E4004C6F0A /* Private */,
			);
			name = KissXML;
			path = "robbiehanson-KissXML-092aef8/KissXML";
			sourceTree = "<group>";
		};
		F24BBEDD159255E4004C6F0A /* Additions */ = {
			isa = PBXGroup;
			children = (
				F24BBEDE159255E4004C6F0A /* DDXMLElementAdditions.h */,
				F24BBEDF159255E4004C6F0A /* DDXMLElementAdditions.m */,
			);
			path = Additions;
			sourceTree = "<group>";
		};
		F24BBEE0159255E4004C6F0A /* Categories */ = {
			isa = PBXGroup;
			children = (
				F24BBEE1159255E4004C6F0A /* NSString+DDXML.h */,
				F24BBEE2159255E4004C6F0A /* NSString+DDXML.m */,
			);
			path = Categories;
			sourceTree = "<group>";
		};
		F24BBEEA159255E4004C6F0A /* Private */ = {
			isa = PBXGroup;
			children = (
				F24BBEEB159255E4004C6F0A /* DDXMLPrivate.h */,
			);
			path = Private;
			sourceTree = "<group>";
		};
		F2BE7C0B158B91CE000707F4 = {
			isa = PBXGroup;
			children = (
				F24BBEDC159255E4004C6F0A /* KissXML */,
				F24BBED1159252B0004C6F0A /* AFNetworking-AFKissXMLRequestOperation-e5d8dff */,
				F2BE7C72158B947C000707F4 /* AFNetworking */,
				F2BE7C20158B91CF000707F4 /* Info Forest */,
				F2BE7C41158B91CF000707F4 /* Info ForestTests */,
				F2BE7C19158B91CF000707F4 /* Frameworks */,
				F2BE7C17158B91CF000707F4 /* Products */,
			);
			sourceTree = "<group>";
		};
		F2BE7C17158B91CF000707F4 /* Products */ = {
			isa = PBXGroup;
			children = (
				F2BE7C16158B91CF000707F4 /* Info Forest.app */,
				F2BE7C3A158B91CF000707F4 /* Info ForestTests.octest */,
			);
			name = Products;
			sourceTree = "<group>";
		};
		F2BE7C19158B91CF000707F4 /* Frameworks */ = {
			isa = PBXGroup;
			children = (
				F2BE7C1A158B91CF000707F4 /* UIKit.framework */,
				F2BE7C1C158B91CF000707F4 /* Foundation.framework */,
				F2BE7C1E158B91CF000707F4 /* CoreGraphics.framework */,
				F2BE7C3B158B91CF000707F4 /* SenTestingKit.framework */,
			);
			name = Frameworks;
			sourceTree = "<group>";
		};
		F2BE7C20158B91CF000707F4 /* Info Forest */ = {
			isa = PBXGroup;
			children = (
				F2BE7C29158B91CF000707F4 /* AppDelegate.h */,
				F2BE7C2A158B91CF000707F4 /* AppDelegate.m */,
				F2BE7C2C158B91CF000707F4 /* ViewController.h */,
				F2BE7C2D158B91CF000707F4 /* ViewController.m */,
				F24BBEBA1590B5DD004C6F0A /* Request.h */,
				F24BBEBB1590B5DD004C6F0A /* Request.m */,
				F2BE7C2F158B91CF000707F4 /* ViewController_iPhone.xib */,
				F2BE7C32158B91CF000707F4 /* ViewController_iPad.xib */,
				F2BE7C21158B91CF000707F4 /* Supporting Files */,
			);
			path = "Info Forest";
			sourceTree = "<group>";
		};
		F2BE7C21158B91CF000707F4 /* Supporting Files */ = {
			isa = PBXGroup;
			children = (
				F2BE7C22158B91CF000707F4 /* Info Forest-Info.plist */,
				F2BE7C23158B91CF000707F4 /* InfoPlist.strings */,
				F2BE7C26158B91CF000707F4 /* main.m */,
				F2BE7C28158B91CF000707F4 /* Info Forest-Prefix.pch */,
			);
			name = "Supporting Files";
			sourceTree = "<group>";
		};
		F2BE7C41158B91CF000707F4 /* Info ForestTests */ = {
			isa = PBXGroup;
			children = (
				F2BE7C47158B91CF000707F4 /* Info_ForestTests.h */,
				F2BE7C48158B91CF000707F4 /* Info_ForestTests.m */,
				F2BE7C42158B91CF000707F4 /* Supporting Files */,
			);
			path = "Info ForestTests";
			sourceTree = "<group>";
		};
		F2BE7C42158B91CF000707F4 /* Supporting Files */ = {
			isa = PBXGroup;
			children = (
				F2BE7C43158B91CF000707F4 /* Info ForestTests-Info.plist */,
				F2BE7C44158B91CF000707F4 /* InfoPlist.strings */,
			);
			name = "Supporting Files";
			sourceTree = "<group>";
		};
		F2BE7C72158B947C000707F4 /* AFNetworking */ = {
			isa = PBXGroup;
			children = (
				F2BE7C73158B947C000707F4 /* AFHTTPClient.h */,
				F2BE7C74158B947C000707F4 /* AFHTTPClient.m */,
				F2BE7C75158B947C000707F4 /* AFHTTPRequestOperation.h */,
				F2BE7C76158B947C000707F4 /* AFHTTPRequestOperation.m */,
				F2BE7C77158B947C000707F4 /* AFImageRequestOperation.h */,
				F2BE7C78158B947C000707F4 /* AFImageRequestOperation.m */,
				F2BE7C79158B947C000707F4 /* AFJSONRequestOperation.h */,
				F2BE7C7A158B947C000707F4 /* AFJSONRequestOperation.m */,
				F2BE7C7B158B947C000707F4 /* AFJSONUtilities.h */,
				F2BE7C7C158B947C000707F4 /* AFJSONUtilities.m */,
				F2BE7C7D158B947C000707F4 /* AFNetworkActivityIndicatorManager.h */,
				F2BE7C7E158B947C000707F4 /* AFNetworkActivityIndicatorManager.m */,
				F2BE7C7F158B947C000707F4 /* AFNetworking.h */,
				F2BE7C80158B947C000707F4 /* AFPropertyListRequestOperation.h */,
				F2BE7C81158B947C000707F4 /* AFPropertyListRequestOperation.m */,
				F2BE7C82158B947C000707F4 /* AFURLConnectionOperation.h */,
				F2BE7C83158B947C000707F4 /* AFURLConnectionOperation.m */,
				F2BE7C84158B947C000707F4 /* AFXMLRequestOperation.h */,
				F2BE7C85158B947C000707F4 /* AFXMLRequestOperation.m */,
				F2BE7C86158B947C000707F4 /* UIImageView+AFNetworking.h */,
				F2BE7C87158B947C000707F4 /* UIImageView+AFNetworking.m */,
			);
			path = AFNetworking;
			sourceTree = "<group>";
		};
/* End PBXGroup section */

/* Begin PBXNativeTarget section */
		F2BE7C15158B91CF000707F4 /* Info Forest */ = {
			isa = PBXNativeTarget;
			buildConfigurationList = F2BE7C4C158B91CF000707F4 /* Build configuration list for PBXNativeTarget "Info Forest" */;
			buildPhases = (
				F2BE7C12158B91CF000707F4 /* Sources */,
				F2BE7C13158B91CF000707F4 /* Frameworks */,
				F2BE7C14158B91CF000707F4 /* Resources */,
			);
			buildRules = (
			);
			dependencies = (
			);
			name = "Info Forest";
			productName = "Info Forest";
			productReference = F2BE7C16158B91CF000707F4 /* Info Forest.app */;
			productType = "com.apple.product-type.application";
		};
		F2BE7C39158B91CF000707F4 /* Info ForestTests */ = {
			isa = PBXNativeTarget;
			buildConfigurationList = F2BE7C4F158B91CF000707F4 /* Build configuration list for PBXNativeTarget "Info ForestTests" */;
			buildPhases = (
				F2BE7C35158B91CF000707F4 /* Sources */,
				F2BE7C36158B91CF000707F4 /* Frameworks */,
				F2BE7C37158B91CF000707F4 /* Resources */,
				F2BE7C38158B91CF000707F4 /* ShellScript */,
			);
			buildRules = (
			);
			dependencies = (
				F2BE7C40158B91CF000707F4 /* PBXTargetDependency */,
			);
			name = "Info ForestTests";
			productName = "Info ForestTests";
			productReference = F2BE7C3A158B91CF000707F4 /* Info ForestTests.octest */;
			productType = "com.apple.product-type.bundle";
		};
/* End PBXNativeTarget section */

/* Begin PBXProject section */
		F2BE7C0D158B91CE000707F4 /* Project object */ = {
			isa = PBXProject;
			attributes = {
				LastUpgradeCheck = 0430;
			};
			buildConfigurationList = F2BE7C10158B91CE000707F4 /* Build configuration list for PBXProject "Info Forest" */;
			compatibilityVersion = "Xcode 3.2";
			developmentRegion = English;
			hasScannedForEncodings = 0;
			knownRegions = (
				en,
				English,
			);
			mainGroup = F2BE7C0B158B91CE000707F4;
			productRefGroup = F2BE7C17158B91CF000707F4 /* Products */;
			projectDirPath = "";
			projectRoot = "";
			targets = (
				F2BE7C15158B91CF000707F4 /* Info Forest */,
				F2BE7C39158B91CF000707F4 /* Info ForestTests */,
			);
		};
/* End PBXProject section */

/* Begin PBXResourcesBuildPhase section */
		F2BE7C14158B91CF000707F4 /* Resources */ = {
			isa = PBXResourcesBuildPhase;
			buildActionMask = 2147483647;
			files = (
				F2BE7C25158B91CF000707F4 /* InfoPlist.strings in Resources */,
				F2BE7C31158B91CF000707F4 /* ViewController_iPhone.xib in Resources */,
				F2BE7C34158B91CF000707F4 /* ViewController_iPad.xib in Resources */,
				F24BBED7159252B0004C6F0A /* LICENSE in Resources */,
				F24BBED8159252B0004C6F0A /* README.md in Resources */,
			);
			runOnlyForDeploymentPostprocessing = 0;
		};
		F2BE7C37158B91CF000707F4 /* Resources */ = {
			isa = PBXResourcesBuildPhase;
			buildActionMask = 2147483647;
			files = (
				F2BE7C46158B91CF000707F4 /* InfoPlist.strings in Resources */,
			);
			runOnlyForDeploymentPostprocessing = 0;
		};
/* End PBXResourcesBuildPhase section */

/* Begin PBXShellScriptBuildPhase section */
		F2BE7C38158B91CF000707F4 /* ShellScript */ = {
			isa = PBXShellScriptBuildPhase;
			buildActionMask = 2147483647;
			files = (
			);
			inputPaths = (
			);
			outputPaths = (
			);
			runOnlyForDeploymentPostprocessing = 0;
			shellPath = /bin/sh;
			shellScript = "# Run the unit tests in this test bundle.\n\"${SYSTEM_DEVELOPER_DIR}/Tools/RunUnitTests\"\n";
		};
/* End PBXShellScriptBuildPhase section */

/* Begin PBXSourcesBuildPhase section */
		F2BE7C12158B91CF000707F4 /* Sources */ = {
			isa = PBXSourcesBuildPhase;
			buildActionMask = 2147483647;
			files = (
				F2BE7C27158B91CF000707F4 /* main.m in Sources */,
				F2BE7C2B158B91CF000707F4 /* AppDelegate.m in Sources */,
				F2BE7C2E158B91CF000707F4 /* ViewController.m in Sources */,
				F2BE7C88158B947C000707F4 /* AFHTTPClient.m in Sources */,
				F2BE7C89158B947C000707F4 /* AFHTTPRequestOperation.m in Sources */,
				F2BE7C8A158B947C000707F4 /* AFImageRequestOperation.m in Sources */,
				F2BE7C8B158B947C000707F4 /* AFJSONRequestOperation.m in Sources */,
				F2BE7C8C158B947C000707F4 /* AFJSONUtilities.m in Sources */,
				F2BE7C8D158B947C000707F4 /* AFNetworkActivityIndicatorManager.m in Sources */,
				F2BE7C8E158B947C000707F4 /* AFPropertyListRequestOperation.m in Sources */,
				F2BE7C8F158B947C000707F4 /* AFURLConnectionOperation.m in Sources */,
				F2BE7C90158B947C000707F4 /* AFXMLRequestOperation.m in Sources */,
				F2BE7C91158B947C000707F4 /* UIImageView+AFNetworking.m in Sources */,
				F24BBEBC1590B5DD004C6F0A /* Request.m in Sources */,
				F24BBED6159252B0004C6F0A /* AFKissXMLRequestOperation.m in Sources */,
				F24BBF03159255E4004C6F0A /* DDXMLElementAdditions.m in Sources */,
				F24BBF04159255E4004C6F0A /* NSString+DDXML.m in Sources */,
				F24BBF05159255E4004C6F0A /* DDXMLDocument.m in Sources */,
				F24BBF06159255E4004C6F0A /* DDXMLElement.m in Sources */,
				F24BBF07159255E4004C6F0A /* DDXMLNode.m in Sources */,
			);
			runOnlyForDeploymentPostprocessing = 0;
		};
		F2BE7C35158B91CF000707F4 /* Sources */ = {
			isa = PBXSourcesBuildPhase;
			buildActionMask = 2147483647;
			files = (
				F2BE7C49158B91CF000707F4 /* Info_ForestTests.m in Sources */,
			);
			runOnlyForDeploymentPostprocessing = 0;
		};
/* End PBXSourcesBuildPhase section */

/* Begin PBXTargetDependency section */
		F2BE7C40158B91CF000707F4 /* PBXTargetDependency */ = {
			isa = PBXTargetDependency;
			target = F2BE7C15158B91CF000707F4 /* Info Forest */;
			targetProxy = F2BE7C3F158B91CF000707F4 /* PBXContainerItemProxy */;
		};
/* End PBXTargetDependency section */

/* Begin PBXVariantGroup section */
		F2BE7C23158B91CF000707F4 /* InfoPlist.strings */ = {
			isa = PBXVariantGroup;
			children = (
				F2BE7C24158B91CF000707F4 /* en */,
			);
			name = InfoPlist.strings;
			sourceTree = "<group>";
		};
		F2BE7C2F158B91CF000707F4 /* ViewController_iPhone.xib */ = {
			isa = PBXVariantGroup;
			children = (
				F2BE7C30158B91CF000707F4 /* en */,
			);
			name = ViewController_iPhone.xib;
			sourceTree = "<group>";
		};
		F2BE7C32158B91CF000707F4 /* ViewController_iPad.xib */ = {
			isa = PBXVariantGroup;
			children = (
				F2BE7C33158B91CF000707F4 /* en */,
			);
			name = ViewController_iPad.xib;
			sourceTree = "<group>";
		};
		F2BE7C44158B91CF000707F4 /* InfoPlist.strings */ = {
			isa = PBXVariantGroup;
			children = (
				F2BE7C45158B91CF000707F4 /* en */,
			);
			name = InfoPlist.strings;
			sourceTree = "<group>";
		};
/* End PBXVariantGroup section */

/* Begin XCBuildConfiguration section */
		F2BE7C4A158B91CF000707F4 /* Debug */ = {
			isa = XCBuildConfiguration;
			buildSettings = {
				ALWAYS_SEARCH_USER_PATHS = NO;
				ARCHS = "$(ARCHS_STANDARD_32_BIT)";
				CLANG_ENABLE_OBJC_ARC = NO;
				"CODE_SIGN_IDENTITY[sdk=iphoneos*]" = "iPhone Developer";
				COPY_PHASE_STRIP = NO;
				GCC_C_LANGUAGE_STANDARD = gnu99;
				GCC_DYNAMIC_NO_PIC = NO;
				GCC_OPTIMIZATION_LEVEL = 0;
				GCC_PREPROCESSOR_DEFINITIONS = (
					"DEBUG=1",
					"$(inherited)",
				);
				GCC_SYMBOLS_PRIVATE_EXTERN = NO;
				GCC_VERSION = com.apple.compilers.llvm.clang.1_0;
				GCC_WARN_ABOUT_RETURN_TYPE = YES;
				GCC_WARN_UNINITIALIZED_AUTOS = YES;
				GCC_WARN_UNUSED_VARIABLE = YES;
				HEADER_SEARCH_PATHS = /usr/include/libxml2;
				IPHONEOS_DEPLOYMENT_TARGET = 5.1;
				OTHER_LDFLAGS = "-lxml2";
				SDKROOT = iphoneos;
				TARGETED_DEVICE_FAMILY = "1,2";
				USER_HEADER_SEARCH_PATHS = "";
			};
			name = Debug;
		};
		F2BE7C4B158B91CF000707F4 /* Release */ = {
			isa = XCBuildConfiguration;
			buildSettings = {
				ALWAYS_SEARCH_USER_PATHS = NO;
				ARCHS = "$(ARCHS_STANDARD_32_BIT)";
				CLANG_ENABLE_OBJC_ARC = NO;
				"CODE_SIGN_IDENTITY[sdk=iphoneos*]" = "iPhone Developer";
				COPY_PHASE_STRIP = YES;
				GCC_C_LANGUAGE_STANDARD = gnu99;
				GCC_VERSION = com.apple.compilers.llvm.clang.1_0;
				GCC_WARN_ABOUT_RETURN_TYPE = YES;
				GCC_WARN_UNINITIALIZED_AUTOS = YES;
				GCC_WARN_UNUSED_VARIABLE = YES;
				HEADER_SEARCH_PATHS = /usr/include/libxml2;
				IPHONEOS_DEPLOYMENT_TARGET = 5.1;
				OTHER_CFLAGS = "-DNS_BLOCK_ASSERTIONS=1";
				OTHER_LDFLAGS = "-lxml2";
				SDKROOT = iphoneos;
				TARGETED_DEVICE_FAMILY = "1,2";
				USER_HEADER_SEARCH_PATHS = "";
				VALIDATE_PRODUCT = YES;
			};
			name = Release;
		};
		F2BE7C4D158B91CF000707F4 /* Debug */ = {
			isa = XCBuildConfiguration;
			buildSettings = {
				GCC_PRECOMPILE_PREFIX_HEADER = YES;
				GCC_PREFIX_HEADER = "Info Forest/Info Forest-Prefix.pch";
				INFOPLIST_FILE = "Info Forest/Info Forest-Info.plist";
				PRODUCT_NAME = "$(TARGET_NAME)";
				WRAPPER_EXTENSION = app;
			};
			name = Debug;
		};
		F2BE7C4E158B91CF000707F4 /* Release */ = {
			isa = XCBuildConfiguration;
			buildSettings = {
				GCC_PRECOMPILE_PREFIX_HEADER = YES;
				GCC_PREFIX_HEADER = "Info Forest/Info Forest-Prefix.pch";
				INFOPLIST_FILE = "Info Forest/Info Forest-Info.plist";
				PRODUCT_NAME = "$(TARGET_NAME)";
				WRAPPER_EXTENSION = app;
			};
			name = Release;
		};
		F2BE7C50158B91CF000707F4 /* Debug */ = {
			isa = XCBuildConfiguration;
			buildSettings = {
				BUNDLE_LOADER = "$(BUILT_PRODUCTS_DIR)/Info Forest.app/Info Forest";
				FRAMEWORK_SEARCH_PATHS = (
					"$(SDKROOT)/Developer/Library/Frameworks",
					"$(DEVELOPER_LIBRARY_DIR)/Frameworks",
				);
				GCC_PRECOMPILE_PREFIX_HEADER = YES;
				GCC_PREFIX_HEADER = "Info Forest/Info Forest-Prefix.pch";
				INFOPLIST_FILE = "Info ForestTests/Info ForestTests-Info.plist";
				PRODUCT_NAME = "$(TARGET_NAME)";
				TEST_HOST = "$(BUNDLE_LOADER)";
				WRAPPER_EXTENSION = octest;
			};
			name = Debug;
		};
		F2BE7C51158B91CF000707F4 /* Release */ = {
			isa = XCBuildConfiguration;
			buildSettings = {
				BUNDLE_LOADER = "$(BUILT_PRODUCTS_DIR)/Info Forest.app/Info Forest";
				FRAMEWORK_SEARCH_PATHS = (
					"$(SDKROOT)/Developer/Library/Frameworks",
					"$(DEVELOPER_LIBRARY_DIR)/Frameworks",
				);
				GCC_PRECOMPILE_PREFIX_HEADER = YES;
				GCC_PREFIX_HEADER = "Info Forest/Info Forest-Prefix.pch";
				INFOPLIST_FILE = "Info ForestTests/Info ForestTests-Info.plist";
				PRODUCT_NAME = "$(TARGET_NAME)";
				TEST_HOST = "$(BUNDLE_LOADER)";
				WRAPPER_EXTENSION = octest;
			};
			name = Release;
		};
/* End XCBuildConfiguration section */

/* Begin XCConfigurationList section */
		F2BE7C10158B91CE000707F4 /* Build configuration list for PBXProject "Info Forest" */ = {
			isa = XCConfigurationList;
			buildConfigurations = (
				F2BE7C4A158B91CF000707F4 /* Debug */,
				F2BE7C4B158B91CF000707F4 /* Release */,
			);
			defaultConfigurationIsVisible = 0;
			defaultConfigurationName = Release;
		};
		F2BE7C4C158B91CF000707F4 /* Build configuration list for PBXNativeTarget "Info Forest" */ = {
			isa = XCConfigurationList;
			buildConfigurations = (
				F2BE7C4D158B91CF000707F4 /* Debug */,
				F2BE7C4E158B91CF000707F4 /* Release */,
			);
			defaultConfigurationIsVisible = 0;
			defaultConfigurationName = Release;
		};
		F2BE7C4F158B91CF000707F4 /* Build configuration list for PBXNativeTarget "Info ForestTests" */ = {
			isa = XCConfigurationList;
			buildConfigurations = (
				F2BE7C50158B91CF000707F4 /* Debug */,
				F2BE7C51158B91CF000707F4 /* Release */,
			);
			defaultConfigurationIsVisible = 0;
			defaultConfigurationName = Release;
		};
/* End XCConfigurationList section */
	};
	rootObject = F2BE7C0D158B91CE000707F4 /* Project object */;
}
